
Microsoft Visual Studio Solution File, Format Version 12.00
# Visual Studio Version 16
VisualStudioVersion = 16.0.810.16
MinimumVisualStudioVersion = 10.0.40219.1
Project("{FAE04EC0-301F-11D3-BF4B-00C04F79EFBC}") = "JobPortalApi", "JobPortalApi.csproj", "{1323E3A2-3A70-4703-9514-A3346E188A41}"
EndProject
Global
	GlobalSection(SolutionConfigurationPlatforms) = preSolution
		Debug|Any CPU = Debug|Any CPU
		Release|Any CPU = Release|Any CPU
	EndGlobalSection
	GlobalSection(ProjectConfigurationPlatforms) = postSolution
		{1323E3A2-3A70-4703-9514-A3346E188A41}.Debug|Any CPU.ActiveCfg = Debug|Any CPU
		{1323E3A2-3A70-4703-9514-A3346E188A41}.Debug|Any CPU.Build.0 = Debug|Any CPU
		{1323E3A2-3A70-4703-9514-A3346E188A41}.Release|Any CPU.ActiveCfg = Release|Any CPU
		{1323E3A2-3A70-4703-9514-A3346E188A41}.Release|Any CPU.Build.0 = Release|Any CPU
	EndGlobalSection
	GlobalSection(SolutionProperties) = preSolution
		HideSolutionNode = FALSE
	EndGlobalSection
	GlobalSection(ExtensibilityGlobals) = postSolution
		SolutionGuid = {5116BD09-6EB1-46D4-9511-9133211179BC}
	EndGlobalSection
EndGlobal
